
Microsoft Visual Studio Solution File, Format Version 12.00
# Visual Studio Version 16
VisualStudioVersion = 16.0.29424.173
MinimumVisualStudioVersion = 10.0.40219.1
Project("{9A19103F-16F7-4668-BE54-9A1E7A4F7556}") = "HappyTravel.StdOutLogger", "HappyTravel.StdOutLogger\HappyTravel.StdOutLogger.csproj", "{B4CB4FDD-F1CB-4578-BE4C-B38BB47C5B38}"
EndProject
Global
	GlobalSection(SolutionConfigurationPlatforms) = preSolution
		Debug|Any CPU = Debug|Any CPU
		Release|Any CPU = Release|Any CPU
	EndGlobalSection
	GlobalSection(ProjectConfigurationPlatforms) = postSolution
		{B4CB4FDD-F1CB-4578-BE4C-B38BB47C5B38}.Debug|Any CPU.ActiveCfg = Debug|Any CPU
		{B4CB4FDD-F1CB-4578-BE4C-B38BB47C5B38}.Debug|Any CPU.Build.0 = Debug|Any CPU
		{B4CB4FDD-F1CB-4578-BE4C-B38BB47C5B38}.Release|Any CPU.ActiveCfg = Release|Any CPU
		{B4CB4FDD-F1CB-4578-BE4C-B38BB47C5B38}.Release|Any CPU.Build.0 = Release|Any CPU
	EndGlobalSection
	GlobalSection(SolutionProperties) = preSolution
		HideSolutionNode = FALSE
	EndGlobalSection
	GlobalSection(ExtensibilityGlobals) = postSolution
		SolutionGuid = {C4253A83-F79A-43A4-8D45-49E8167F8047}
	EndGlobalSection
EndGlobal
